
Microsoft Visual Studio Solution File, Format Version 12.00
# Visual Studio Version 16
VisualStudioVersion = 16.0.30907.101
MinimumVisualStudioVersion = 10.0.40219.1
Project("{FAE04EC0-301F-11D3-BF4B-00C04F79EFBC}") = "Vidly", "Vidly\Vidly.csproj", "{3BB0A390-E102-416B-A533-481888F9F240}"
EndProject
Global
	GlobalSection(SolutionConfigurationPlatforms) = preSolution
		Debug|Any CPU = Debug|Any CPU
		Release|Any CPU = Release|Any CPU
	EndGlobalSection
	GlobalSection(ProjectConfigurationPlatforms) = postSolution
		{3BB0A390-E102-416B-A533-481888F9F240}.Debug|Any CPU.ActiveCfg = Debug|Any CPU
		{3BB0A390-E102-416B-A533-481888F9F240}.Debug|Any CPU.Build.0 = Debug|Any CPU
		{3BB0A390-E102-416B-A533-481888F9F240}.Release|Any CPU.ActiveCfg = Release|Any CPU
		{3BB0A390-E102-416B-A533-481888F9F240}.Release|Any CPU.Build.0 = Release|Any CPU
	EndGlobalSection
	GlobalSection(SolutionProperties) = preSolution
		HideSolutionNode = FALSE
	EndGlobalSection
	GlobalSection(ExtensibilityGlobals) = postSolution
		SolutionGuid = {369A5F09-7C30-4820-BEC6-B1600720D931}
	EndGlobalSection
EndGlobal
